{
  "nodes": {
    "flake-utils": {
      "inputs": {
        "systems": "systems"
      },
      "locked": {
        "lastModified": 1694529238,
        "narHash": "sha256-zsNZZGTGnMOf9YpHKJqMSsa0dXbfmxeoJ7xHlrt+xmY=",
        "owner": "numtide",
        "repo": "flake-utils",
        "rev": "ff7b65b44d01cf9ba6a71320833626af21126384",
        "type": "github"
      },
      "original": {
        "owner": "numtide",
        "repo": "flake-utils",
        "type": "github"
      }
    },
    "nixpkgs": {
      "locked": {
        "lastModified": 1697730408,
        "narHash": "sha256-Ww//zzukdTrwTrCUkaJA/NsaLEfUfQpWZXBdXBYfhak=",
        "owner": "nixos",
        "repo": "nixpkgs",
        "rev": "ff0a5a776b56e0ca32d47a4a47695452ec7f7d80",
        "type": "github"
      },
      "original": {
        "owner": "nixos",
        "ref": "nixpkgs-unstable",
        "repo": "nixpkgs",
        "type": "github"
      }
    },
    "pylibjpeg-openjpeg-src": {
      "flake": false,
      "locked": {
        "lastModified": 1676875096,
        "narHash": "sha256-Gtred5uPsfPf8cWLJpFDIBqY5GG1kdCPeYE7lEl6TH4=",
        "ref": "refs/heads/master",
        "rev": "bfb3362bd8f4454d2999287434d8b8cd61769986",
        "revCount": 49,
        "submodules": true,
        "type": "git",
        "url": "https://github.com/pydicom/pylibjpeg-openjpeg.git"
      },
      "original": {
        "submodules": true,
        "type": "git",
        "url": "https://github.com/pydicom/pylibjpeg-openjpeg.git"
      }
    },
    "pylibjpeg-src": {
      "flake": false,
      "locked": {
        "lastModified": 1642827293,
        "narHash": "sha256-Px1DyYDkKAUdYo+ZxZ1w7TkPzWN++styiFl02iQOvyQ=",
        "owner": "pydicom",
        "repo": "pylibjpeg",
        "rev": "bc250357cee6d642f1bb62fbd49da3292f3238ad",
        "type": "github"
      },
      "original": {
        "owner": "pydicom",
        "repo": "pylibjpeg",
        "type": "github"
      }
    },
    "root": {
      "inputs": {
        "flake-utils": "flake-utils",
        "nixpkgs": "nixpkgs",
        "pylibjpeg-openjpeg-src": "pylibjpeg-openjpeg-src",
        "pylibjpeg-src": "pylibjpeg-src"
      }
    },
    "systems": {
      "locked": {
        "lastModified": 1681028828,
        "narHash": "sha256-Vy1rq5AaRuLzOxct8nz4T6wlgyUR7zLU309k9mBC768=",
        "owner": "nix-systems",
        "repo": "default",
        "rev": "da67096a3b9bf56a91d16901293e51ba5b49a27e",
        "type": "github"
      },
      "original": {
        "owner": "nix-systems",
        "repo": "default",
        "type": "github"
      }
    }
  },
  "root": "root",
  "version": 7
}
